
Microsoft Visual Studio Solution File, Format Version 12.00
# Visual Studio Version 17
VisualStudioVersion = 17.10.34928.147
MinimumVisualStudioVersion = 10.0.40219.1
Project("{FAE04EC0-301F-11D3-BF4B-00C04F79EFBC}") = "CS_ListBox_Name", "CS_ListBox_Name.csproj", "{FC845AED-3ECF-4585-920C-CF28A0F6DA43}"
EndProject
Global
	GlobalSection(SolutionConfigurationPlatforms) = preSolution
		Debug|Any CPU = Debug|Any CPU
		Release|Any CPU = Release|Any CPU
	EndGlobalSection
	GlobalSection(ProjectConfigurationPlatforms) = postSolution
		{FC845AED-3ECF-4585-920C-CF28A0F6DA43}.Debug|Any CPU.ActiveCfg = Debug|Any CPU
		{FC845AED-3ECF-4585-920C-CF28A0F6DA43}.Debug|Any CPU.Build.0 = Debug|Any CPU
		{FC845AED-3ECF-4585-920C-CF28A0F6DA43}.Release|Any CPU.ActiveCfg = Release|Any CPU
		{FC845AED-3ECF-4585-920C-CF28A0F6DA43}.Release|Any CPU.Build.0 = Release|Any CPU
	EndGlobalSection
	GlobalSection(SolutionProperties) = preSolution
		HideSolutionNode = FALSE
	EndGlobalSection
	GlobalSection(ExtensibilityGlobals) = postSolution
		SolutionGuid = {78809337-F8C7-4980-B84F-0762C42EB6DC}
	EndGlobalSection
EndGlobal
